
Microsoft Visual Studio Solution File, Format Version 12.00
# Visual Studio Version 17
VisualStudioVersion = 17.5.002.0
MinimumVisualStudioVersion = 10.0.40219.1
Project("{2150E333-8FDC-42A3-9474-1A3956D46DE8}") = "Api", "Api", "{1EE8BD92-FAA3-4D64-8578-1849024E7103}"
EndProject
Project("{9A19103F-16F7-4668-BE54-9A1E7A4F7556}") = "TodoApi", "Api\TodoApi\TodoApi.csproj", "{21026587-CA33-46AA-AB2D-3B2DFF43057C}"
EndProject
Global
	GlobalSection(SolutionConfigurationPlatforms) = preSolution
		Debug|Any CPU = Debug|Any CPU
		Release|Any CPU = Release|Any CPU
	EndGlobalSection
	GlobalSection(ProjectConfigurationPlatforms) = postSolution
		{21026587-CA33-46AA-AB2D-3B2DFF43057C}.Debug|Any CPU.ActiveCfg = Debug|Any CPU
		{21026587-CA33-46AA-AB2D-3B2DFF43057C}.Debug|Any CPU.Build.0 = Debug|Any CPU
		{21026587-CA33-46AA-AB2D-3B2DFF43057C}.Release|Any CPU.ActiveCfg = Release|Any CPU
		{21026587-CA33-46AA-AB2D-3B2DFF43057C}.Release|Any CPU.Build.0 = Release|Any CPU
	EndGlobalSection
	GlobalSection(SolutionProperties) = preSolution
		HideSolutionNode = FALSE
	EndGlobalSection
	GlobalSection(NestedProjects) = preSolution
		{21026587-CA33-46AA-AB2D-3B2DFF43057C} = {1EE8BD92-FAA3-4D64-8578-1849024E7103}
	EndGlobalSection
	GlobalSection(ExtensibilityGlobals) = postSolution
		SolutionGuid = {18F6564D-0CAE-4FD1-9C7D-7D53315E5B64}
	EndGlobalSection
EndGlobal
